
Microsoft Visual Studio Solution File, Format Version 12.00
# Visual Studio Version 17
VisualStudioVersion = 17.14.36414.22 d17.14
MinimumVisualStudioVersion = 10.0.40219.1
Project("{888888A0-9F3D-457C-B088-3A5042F75D52}") = "IKTpv25", "IKTpv25.pyproj", "{08FA88F1-FC9E-4653-95D7-8B72E3433940}"
EndProject
Global
	GlobalSection(SolutionConfigurationPlatforms) = preSolution
		Debug|Any CPU = Debug|Any CPU
		Release|Any CPU = Release|Any CPU
	EndGlobalSection
	GlobalSection(ProjectConfigurationPlatforms) = postSolution
		{08FA88F1-FC9E-4653-95D7-8B72E3433940}.Debug|Any CPU.ActiveCfg = Debug|Any CPU
		{08FA88F1-FC9E-4653-95D7-8B72E3433940}.Release|Any CPU.ActiveCfg = Release|Any CPU
	EndGlobalSection
	GlobalSection(SolutionProperties) = preSolution
		HideSolutionNode = FALSE
	EndGlobalSection
	GlobalSection(ExtensibilityGlobals) = postSolution
		SolutionGuid = {C2785A2F-F3CA-4255-A6A4-30700EC7789A}
	EndGlobalSection
EndGlobal
